// !$*UTF8*$!
{
	archiveVersion = 1;
	classes = {
	};
	objectVersion = 46;
	objects = {

/* Begin PBXBuildFile section */
		35BAD2F2D7249B45B295A941 /* Pods_DYZB.framework in Frameworks */ = {isa = PBXBuildFile; fileRef = 1B525C4576B37F9F7B81D479 /* Pods_DYZB.framework */; };
		4C2255151D9A3B5700F29446 /* NetworkTools.swift in Sources */ = {isa = PBXBuildFile; fileRef = 4C2255141D9A3B5700F29446 /* NetworkTools.swift */; };
		4C2255181D9A8EF000F29446 /* RecommendViewModel.swift in Sources */ = {isa = PBXBuildFile; fileRef = 4C2255171D9A8EF000F29446 /* RecommendViewModel.swift */; };
		4C22551A1D9A9C4500F29446 /* NSDate-Extension.swift in Sources */ = {isa = PBXBuildFile; fileRef = 4C2255191D9A9C4500F29446 /* NSDate-Extension.swift */; };
		4C22551C1D9AA3F900F29446 /* AnchorGroup.swift in Sources */ = {isa = PBXBuildFile; fileRef = 4C22551B1D9AA3F900F29446 /* AnchorGroup.swift */; };
		4C2B1AD11D97EE78003BCAED /* CollectionHeaderView.swift in Sources */ = {isa = PBXBuildFile; fileRef = 4C2B1ACF1D97EE78003BCAED /* CollectionHeaderView.swift */; };
		4C2B1AD21D97EE78003BCAED /* CollectionHeaderView.xib in Resources */ = {isa = PBXBuildFile; fileRef = 4C2B1AD01D97EE78003BCAED /* CollectionHeaderView.xib */; };
		4C2B1AD61D9826A3003BCAED /* CollectionNormalCell.swift in Sources */ = {isa = PBXBuildFile; fileRef = 4C2B1AD41D9826A3003BCAED /* CollectionNormalCell.swift */; };
		4C2B1AD71D9826A3003BCAED /* CollectionNormalCell.xib in Resources */ = {isa = PBXBuildFile; fileRef = 4C2B1AD51D9826A3003BCAED /* CollectionNormalCell.xib */; };
		4C2B1ADA1D98362A003BCAED /* CollectionPrettyCell.swift in Sources */ = {isa = PBXBuildFile; fileRef = 4C2B1AD81D98362A003BCAED /* CollectionPrettyCell.swift */; };
		4C2B1ADB1D98362A003BCAED /* CollectionPrettyCell.xib in Resources */ = {isa = PBXBuildFile; fileRef = 4C2B1AD91D98362A003BCAED /* CollectionPrettyCell.xib */; };
		4C2D95271D910AAD00DC4FEE /* AppDelegate.swift in Sources */ = {isa = PBXBuildFile; fileRef = 4C2D95261D910AAD00DC4FEE /* AppDelegate.swift */; };
		4C2D952C1D910AAD00DC4FEE /* Main.storyboard in Resources */ = {isa = PBXBuildFile; fileRef = 4C2D952A1D910AAD00DC4FEE /* Main.storyboard */; };
		4C2D952E1D910AAD00DC4FEE /* Assets.xcassets in Resources */ = {isa = PBXBuildFile; fileRef = 4C2D952D1D910AAD00DC4FEE /* Assets.xcassets */; };
		4C2D95311D910AAD00DC4FEE /* LaunchScreen.storyboard in Resources */ = {isa = PBXBuildFile; fileRef = 4C2D952F1D910AAD00DC4FEE /* LaunchScreen.storyboard */; };
		4C3DF77B1D9267670032B9EB /* UIBarButtonItem-Extension.swift in Sources */ = {isa = PBXBuildFile; fileRef = 4C3DF77A1D9267670032B9EB /* UIBarButtonItem-Extension.swift */; };
		4C3DF77D1D9291390032B9EB /* PageTitleView.swift in Sources */ = {isa = PBXBuildFile; fileRef = 4C3DF77C1D9291390032B9EB /* PageTitleView.swift */; };
		4C3DF77F1D929C720032B9EB /* Common.swift in Sources */ = {isa = PBXBuildFile; fileRef = 4C3DF77E1D929C720032B9EB /* Common.swift */; };
		4C4A55661D97AB1B00F92BA4 /* RecommendViewController.swift in Sources */ = {isa = PBXBuildFile; fileRef = 4C4A55651D97AB1B00F92BA4 /* RecommendViewController.swift */; };
		4C4C50EA1D9CEE050090D2AC /* RecommendCycleView.swift in Sources */ = {isa = PBXBuildFile; fileRef = 4C4C50E91D9CEE050090D2AC /* RecommendCycleView.swift */; };
		4C4C50EC1D9CEE250090D2AC /* RecommendCycleView.xib in Resources */ = {isa = PBXBuildFile; fileRef = 4C4C50EB1D9CEE250090D2AC /* RecommendCycleView.xib */; };
		4C4E7A141D91548D00E27ED7 /* Live.storyboard in Resources */ = {isa = PBXBuildFile; fileRef = 4C4E7A121D91548D00E27ED7 /* Live.storyboard */; };
		4C4E7A191D9154F500E27ED7 /* Follow.storyboard in Resources */ = {isa = PBXBuildFile; fileRef = 4C4E7A171D9154F500E27ED7 /* Follow.storyboard */; };
		4C4E7A1C1D91555400E27ED7 /* Profile.storyboard in Resources */ = {isa = PBXBuildFile; fileRef = 4C4E7A1A1D91555400E27ED7 /* Profile.storyboard */; };
		4C5D20C11D9AD01E006964D9 /* AnchorModel.swift in Sources */ = {isa = PBXBuildFile; fileRef = 4C5D20C01D9AD01E006964D9 /* AnchorModel.swift */; };
		4C6B4F5F1D93CC0200D6B3DE /* PageContentView.swift in Sources */ = {isa = PBXBuildFile; fileRef = 4C6B4F5E1D93CC0200D6B3DE /* PageContentView.swift */; };
		4C6B4F611D93D63800D6B3DE /* UIColor-Extension.swift in Sources */ = {isa = PBXBuildFile; fileRef = 4C6B4F601D93D63800D6B3DE /* UIColor-Extension.swift */; };
		4C8F9B931D9C00E600822242 /* CollectionBaseCell.swift in Sources */ = {isa = PBXBuildFile; fileRef = 4C8F9B921D9C00E600822242 /* CollectionBaseCell.swift */; };
		4CE456141D9192BE00E1B609 /* Home.storyboard in Resources */ = {isa = PBXBuildFile; fileRef = 4CE456131D9192BE00E1B609 /* Home.storyboard */; };
		4CE456191D91931200E1B609 /* MainViewController.swift in Sources */ = {isa = PBXBuildFile; fileRef = 4CE456161D91931200E1B609 /* MainViewController.swift */; };
		4CE4561B1D91938E00E1B609 /* HomeViewController.swift in Sources */ = {isa = PBXBuildFile; fileRef = 4CE4561A1D91938E00E1B609 /* HomeViewController.swift */; };
/* End PBXBuildFile section */

/* Begin PBXFileReference section */
		1B525C4576B37F9F7B81D479 /* Pods_DYZB.framework */ = {isa = PBXFileReference; explicitFileType = wrapper.framework; includeInIndex = 0; path = Pods_DYZB.framework; sourceTree = BUILT_PRODUCTS_DIR; };
		3FFC6A823AE56886BBCA2E55 /* Pods-DYZB.release.xcconfig */ = {isa = PBXFileReference; includeInIndex = 1; lastKnownFileType = text.xcconfig; name = "Pods-DYZB.release.xcconfig"; path = "Pods/Target Support Files/Pods-DYZB/Pods-DYZB.release.xcconfig"; sourceTree = "<group>"; };
		49CB132FE37A52F1CEAF304E /* Pods-DYZB.debug.xcconfig */ = {isa = PBXFileReference; includeInIndex = 1; lastKnownFileType = text.xcconfig; name = "Pods-DYZB.debug.xcconfig"; path = "Pods/Target Support Files/Pods-DYZB/Pods-DYZB.debug.xcconfig"; sourceTree = "<group>"; };
		4C2255141D9A3B5700F29446 /* NetworkTools.swift */ = {isa = PBXFileReference; fileEncoding = 4; lastKnownFileType = sourcecode.swift; path = NetworkTools.swift; sourceTree = "<group>"; };
		4C2255171D9A8EF000F29446 /* RecommendViewModel.swift */ = {isa = PBXFileReference; fileEncoding = 4; lastKnownFileType = sourcecode.swift; path = RecommendViewModel.swift; sourceTree = "<group>"; };
		4C2255191D9A9C4500F29446 /* NSDate-Extension.swift */ = {isa = PBXFileReference; fileEncoding = 4; lastKnownFileType = sourcecode.swift; path = "NSDate-Extension.swift"; sourceTree = "<group>"; };
		4C22551B1D9AA3F900F29446 /* AnchorGroup.swift */ = {isa = PBXFileReference; fileEncoding = 4; lastKnownFileType = sourcecode.swift; path = AnchorGroup.swift; sourceTree = "<group>"; };
		4C2B1ACF1D97EE78003BCAED /* CollectionHeaderView.swift */ = {isa = PBXFileReference; fileEncoding = 4; lastKnownFileType = sourcecode.swift; path = CollectionHeaderView.swift; sourceTree = "<group>"; };
		4C2B1AD01D97EE78003BCAED /* CollectionHeaderView.xib */ = {isa = PBXFileReference; fileEncoding = 4; lastKnownFileType = file.xib; path = CollectionHeaderView.xib; sourceTree = "<group>"; };
		4C2B1AD41D9826A3003BCAED /* CollectionNormalCell.swift */ = {isa = PBXFileReference; fileEncoding = 4; lastKnownFileType = sourcecode.swift; path = CollectionNormalCell.swift; sourceTree = "<group>"; };
		4C2B1AD51D9826A3003BCAED /* CollectionNormalCell.xib */ = {isa = PBXFileReference; fileEncoding = 4; lastKnownFileType = file.xib; path = CollectionNormalCell.xib; sourceTree = "<group>"; };
		4C2B1AD81D98362A003BCAED /* CollectionPrettyCell.swift */ = {isa = PBXFileReference; fileEncoding = 4; lastKnownFileType = sourcecode.swift; path = CollectionPrettyCell.swift; sourceTree = "<group>"; };
		4C2B1AD91D98362A003BCAED /* CollectionPrettyCell.xib */ = {isa = PBXFileReference; fileEncoding = 4; lastKnownFileType = file.xib; path = CollectionPrettyCell.xib; sourceTree = "<group>"; };
		4C2D95231D910AAD00DC4FEE /* DYZB.app */ = {isa = PBXFileReference; explicitFileType = wrapper.application; includeInIndex = 0; path = DYZB.app; sourceTree = BUILT_PRODUCTS_DIR; };
		4C2D95261D910AAD00DC4FEE /* AppDelegate.swift */ = {isa = PBXFileReference; lastKnownFileType = sourcecode.swift; path = AppDelegate.swift; sourceTree = "<group>"; };
		4C2D952B1D910AAD00DC4FEE /* Base */ = {isa = PBXFileReference; lastKnownFileType = file.storyboard; name = Base; path = Base.lproj/Main.storyboard; sourceTree = "<group>"; };
		4C2D952D1D910AAD00DC4FEE /* Assets.xcassets */ = {isa = PBXFileReference; lastKnownFileType = folder.assetcatalog; path = Assets.xcassets; sourceTree = "<group>"; };
		4C2D95301D910AAD00DC4FEE /* Base */ = {isa = PBXFileReference; lastKnownFileType = file.storyboard; name = Base; path = Base.lproj/LaunchScreen.storyboard; sourceTree = "<group>"; };
		4C2D95321D910AAD00DC4FEE /* Info.plist */ = {isa = PBXFileReference; lastKnownFileType = text.plist.xml; path = Info.plist; sourceTree = "<group>"; };
		4C3DF77A1D9267670032B9EB /* UIBarButtonItem-Extension.swift */ = {isa = PBXFileReference; fileEncoding = 4; lastKnownFileType = sourcecode.swift; path = "UIBarButtonItem-Extension.swift"; sourceTree = "<group>"; };
		4C3DF77C1D9291390032B9EB /* PageTitleView.swift */ = {isa = PBXFileReference; fileEncoding = 4; lastKnownFileType = sourcecode.swift; path = PageTitleView.swift; sourceTree = "<group>"; };
		4C3DF77E1D929C720032B9EB /* Common.swift */ = {isa = PBXFileReference; fileEncoding = 4; lastKnownFileType = sourcecode.swift; path = Common.swift; sourceTree = "<group>"; };
		4C4A55651D97AB1B00F92BA4 /* RecommendViewController.swift */ = {isa = PBXFileReference; fileEncoding = 4; lastKnownFileType = sourcecode.swift; path = RecommendViewController.swift; sourceTree = "<group>"; };
		4C4C50E91D9CEE050090D2AC /* RecommendCycleView.swift */ = {isa = PBXFileReference; fileEncoding = 4; lastKnownFileType = sourcecode.swift; path = RecommendCycleView.swift; sourceTree = "<group>"; };
		4C4C50EB1D9CEE250090D2AC /* RecommendCycleView.xib */ = {isa = PBXFileReference; fileEncoding = 4; lastKnownFileType = file.xib; path = RecommendCycleView.xib; sourceTree = "<group>"; };
		4C4E7A131D91548D00E27ED7 /* Base */ = {isa = PBXFileReference; lastKnownFileType = file.storyboard; name = Base; path = DYZB/Base.lproj/Live.storyboard; sourceTree = SOURCE_ROOT; };
		4C4E7A181D9154F500E27ED7 /* Base */ = {isa = PBXFileReference; lastKnownFileType = file.storyboard; name = Base; path = DYZB/Base.lproj/Follow.storyboard; sourceTree = SOURCE_ROOT; };
		4C4E7A1B1D91555400E27ED7 /* Base */ = {isa = PBXFileReference; lastKnownFileType = file.storyboard; name = Base; path = DYZB/Base.lproj/Profile.storyboard; sourceTree = SOURCE_ROOT; };
		4C5D20C01D9AD01E006964D9 /* AnchorModel.swift */ = {isa = PBXFileReference; fileEncoding = 4; lastKnownFileType = sourcecode.swift; path = AnchorModel.swift; sourceTree = "<group>"; };
		4C6B4F5E1D93CC0200D6B3DE /* PageContentView.swift */ = {isa = PBXFileReference; fileEncoding = 4; lastKnownFileType = sourcecode.swift; path = PageContentView.swift; sourceTree = "<group>"; };
		4C6B4F601D93D63800D6B3DE /* UIColor-Extension.swift */ = {isa = PBXFileReference; fileEncoding = 4; lastKnownFileType = sourcecode.swift; path = "UIColor-Extension.swift"; sourceTree = "<group>"; };
		4C8F9B921D9C00E600822242 /* CollectionBaseCell.swift */ = {isa = PBXFileReference; fileEncoding = 4; lastKnownFileType = sourcecode.swift; path = CollectionBaseCell.swift; sourceTree = "<group>"; };
		4CE456131D9192BE00E1B609 /* Home.storyboard */ = {isa = PBXFileReference; fileEncoding = 4; lastKnownFileType = file.storyboard; path = Home.storyboard; sourceTree = "<group>"; };
		4CE456161D91931200E1B609 /* MainViewController.swift */ = {isa = PBXFileReference; fileEncoding = 4; lastKnownFileType = sourcecode.swift; path = MainViewController.swift; sourceTree = "<group>"; };
		4CE4561A1D91938E00E1B609 /* HomeViewController.swift */ = {isa = PBXFileReference; fileEncoding = 4; lastKnownFileType = sourcecode.swift; path = HomeViewController.swift; sourceTree = "<group>"; };
/* End PBXFileReference section */

/* Begin PBXFrameworksBuildPhase section */
		4C2D95201D910AAC00DC4FEE /* Frameworks */ = {
			isa = PBXFrameworksBuildPhase;
			buildActionMask = 2147483647;
			files = (
				35BAD2F2D7249B45B295A941 /* Pods_DYZB.framework in Frameworks */,
			);
			runOnlyForDeploymentPostprocessing = 0;
		};
/* End PBXFrameworksBuildPhase section */

/* Begin PBXGroup section */
		4C2255161D9A8E5D00F29446 /* ViewModel */ = {
			isa = PBXGroup;
			children = (
				4C2255171D9A8EF000F29446 /* RecommendViewModel.swift */,
			);
			path = ViewModel;
			sourceTree = "<group>";
		};
		4C2B1AD31D97EFEF003BCAED /* New Group */ = {
			isa = PBXGroup;
			children = (
			);
			name = "New Group";
			sourceTree = "<group>";
		};
		4C2D951A1D910AAC00DC4FEE = {
			isa = PBXGroup;
			children = (
				4C2D95251D910AAD00DC4FEE /* DYZB */,
				4C2D95241D910AAD00DC4FEE /* Products */,
				88CCB5E3F6335D5F009AE54E /* Pods */,
				FB4BD27EBB42DA62DCA3FFC2 /* Frameworks */,
			);
			sourceTree = "<group>";
		};
		4C2D95241D910AAD00DC4FEE /* Products */ = {
			isa = PBXGroup;
			children = (
				4C2D95231D910AAD00DC4FEE /* DYZB.app */,
			);
			name = Products;
			sourceTree = "<group>";
		};
		4C2D95251D910AAD00DC4FEE /* DYZB */ = {
			isa = PBXGroup;
			children = (
				4C4E7A051D9142E900E27ED7 /* Classes */,
				4C2D95261D910AAD00DC4FEE /* AppDelegate.swift */,
				4C2D952D1D910AAD00DC4FEE /* Assets.xcassets */,
				4C2B1AD31D97EFEF003BCAED /* New Group */,
				4C2D952F1D910AAD00DC4FEE /* LaunchScreen.storyboard */,
				4C2D95321D910AAD00DC4FEE /* Info.plist */,
			);
			path = DYZB;
			sourceTree = "<group>";
		};
		4C3DF7791D9267110032B9EB /* Extension */ = {
			isa = PBXGroup;
			children = (
				4C3DF77A1D9267670032B9EB /* UIBarButtonItem-Extension.swift */,
				4C6B4F601D93D63800D6B3DE /* UIColor-Extension.swift */,
				4C2255191D9A9C4500F29446 /* NSDate-Extension.swift */,
			);
			path = Extension;
			sourceTree = "<group>";
		};
		4C4E7A051D9142E900E27ED7 /* Classes */ = {
			isa = PBXGroup;
			children = (
				4C4E7A091D9142E900E27ED7 /* Main */,
				4C4E7A071D9142E900E27ED7 /* Home */,
				4C4E7A081D9142E900E27ED7 /* Live */,
				4C4E7A061D9142E900E27ED7 /* Follow */,
				4C4E7A0A1D9142E900E27ED7 /* Profile */,
				4C4E7A0B1D9142E900E27ED7 /* Tools */,
			);
			path = Classes;
			sourceTree = "<group>";
		};
		4C4E7A061D9142E900E27ED7 /* Follow */ = {
			isa = PBXGroup;
			children = (
				4C4E7A171D9154F500E27ED7 /* Follow.storyboard */,
			);
			path = Follow;
			sourceTree = "<group>";
		};
		4C4E7A071D9142E900E27ED7 /* Home */ = {
			isa = PBXGroup;
			children = (
				4C2255161D9A8E5D00F29446 /* ViewModel */,
				4CE456111D9191ED00E1B609 /* Model */,
				4CE456121D9191ED00E1B609 /* View */,
				4CE456101D9191ED00E1B609 /* Controller */,
			);
			path = Home;
			sourceTree = "<group>";
		};
		4C4E7A081D9142E900E27ED7 /* Live */ = {
			isa = PBXGroup;
			children = (
				4C4E7A121D91548D00E27ED7 /* Live.storyboard */,
			);
			path = Live;
			sourceTree = "<group>";
		};
		4C4E7A091D9142E900E27ED7 /* Main */ = {
			isa = PBXGroup;
			children = (
				4CE456171D91931200E1B609 /* Model */,
				4CE456181D91931200E1B609 /* View */,
				4CE456151D91931200E1B609 /* Controller */,
			);
			path = Main;
			sourceTree = "<group>";
		};
		4C4E7A0A1D9142E900E27ED7 /* Profile */ = {
			isa = PBXGroup;
			children = (
				4C4E7A1A1D91555400E27ED7 /* Profile.storyboard */,
			);
			path = Profile;
			sourceTree = "<group>";
		};
		4C4E7A0B1D9142E900E27ED7 /* Tools */ = {
			isa = PBXGroup;
			children = (
				4C3DF7791D9267110032B9EB /* Extension */,
				4C3DF77E1D929C720032B9EB /* Common.swift */,
				4C2255141D9A3B5700F29446 /* NetworkTools.swift */,
			);
			path = Tools;
			sourceTree = "<group>";
		};
		4CE456101D9191ED00E1B609 /* Controller */ = {
			isa = PBXGroup;
			children = (
				4CE456131D9192BE00E1B609 /* Home.storyboard */,
				4CE4561A1D91938E00E1B609 /* HomeViewController.swift */,
				4C4A55651D97AB1B00F92BA4 /* RecommendViewController.swift */,
			);
			path = Controller;
			sourceTree = "<group>";
		};
		4CE456111D9191ED00E1B609 /* Model */ = {
			isa = PBXGroup;
			children = (
			);
			path = Model;
			sourceTree = "<group>";
		};
		4CE456121D9191ED00E1B609 /* View */ = {
			isa = PBXGroup;
			children = (
				4C2B1ACF1D97EE78003BCAED /* CollectionHeaderView.swift */,
				4C2B1AD01D97EE78003BCAED /* CollectionHeaderView.xib */,
				4C4C50E91D9CEE050090D2AC /* RecommendCycleView.swift */,
				4C4C50EB1D9CEE250090D2AC /* RecommendCycleView.xib */,
			);
			path = View;
			sourceTree = "<group>";
		};
		4CE456151D91931200E1B609 /* Controller */ = {
			isa = PBXGroup;
			children = (
				4C2D952A1D910AAD00DC4FEE /* Main.storyboard */,
				4CE456161D91931200E1B609 /* MainViewController.swift */,
			);
			path = Controller;
			sourceTree = "<group>";
		};
		4CE456171D91931200E1B609 /* Model */ = {
			isa = PBXGroup;
			children = (
				4C22551B1D9AA3F900F29446 /* AnchorGroup.swift */,
				4C5D20C01D9AD01E006964D9 /* AnchorModel.swift */,
			);
			path = Model;
			sourceTree = "<group>";
		};
		4CE456181D91931200E1B609 /* View */ = {
			isa = PBXGroup;
			children = (
				4C3DF77C1D9291390032B9EB /* PageTitleView.swift */,
				4C6B4F5E1D93CC0200D6B3DE /* PageContentView.swift */,
				4C2B1AD41D9826A3003BCAED /* CollectionNormalCell.swift */,
				4C2B1AD51D9826A3003BCAED /* CollectionNormalCell.xib */,
				4C2B1AD81D98362A003BCAED /* CollectionPrettyCell.swift */,
				4C2B1AD91D98362A003BCAED /* CollectionPrettyCell.xib */,
				4C8F9B921D9C00E600822242 /* CollectionBaseCell.swift */,
			);
			path = View;
			sourceTree = "<group>";
		};
		88CCB5E3F6335D5F009AE54E /* Pods */ = {
			isa = PBXGroup;
			children = (
				49CB132FE37A52F1CEAF304E /* Pods-DYZB.debug.xcconfig */,
				3FFC6A823AE56886BBCA2E55 /* Pods-DYZB.release.xcconfig */,
			);
			name = Pods;
			sourceTree = "<group>";
		};
		FB4BD27EBB42DA62DCA3FFC2 /* Frameworks */ = {
			isa = PBXGroup;
			children = (
				1B525C4576B37F9F7B81D479 /* Pods_DYZB.framework */,
			);
			name = Frameworks;
			sourceTree = "<group>";
		};
/* End PBXGroup section */

/* Begin PBXNativeTarget section */
		4C2D95221D910AAC00DC4FEE /* DYZB */ = {
			isa = PBXNativeTarget;
			buildConfigurationList = 4C2D95351D910AAD00DC4FEE /* Build configuration list for PBXNativeTarget "DYZB" */;
			buildPhases = (
				CDA8EA02ECCD2C8D079932D8 /* [CP] Check Pods Manifest.lock */,
				4C2D951F1D910AAC00DC4FEE /* Sources */,
				4C2D95201D910AAC00DC4FEE /* Frameworks */,
				4C2D95211D910AAC00DC4FEE /* Resources */,
				D79AD94743B0F7C10C41772E /* [CP] Embed Pods Frameworks */,
				911714AA17FBB79E22ECEE7E /* [CP] Copy Pods Resources */,
			);
			buildRules = (
			);
			dependencies = (
			);
			name = DYZB;
			productName = DYZB;
			productReference = 4C2D95231D910AAD00DC4FEE /* DYZB.app */;
			productType = "com.apple.product-type.application";
		};
/* End PBXNativeTarget section */

/* Begin PBXProject section */
		4C2D951B1D910AAC00DC4FEE /* Project object */ = {
			isa = PBXProject;
			attributes = {
				LastSwiftUpdateCheck = 0800;
				LastUpgradeCheck = 0800;
				ORGANIZATIONNAME = Michael;
				TargetAttributes = {
					4C2D95221D910AAC00DC4FEE = {
						CreatedOnToolsVersion = 8.0;
						DevelopmentTeam = 733VCMT28P;
						ProvisioningStyle = Automatic;
					};
				};
			};
			buildConfigurationList = 4C2D951E1D910AAC00DC4FEE /* Build configuration list for PBXProject "DYZB" */;
			compatibilityVersion = "Xcode 3.2";
			developmentRegion = English;
			hasScannedForEncodings = 0;
			knownRegions = (
				en,
				Base,
			);
			mainGroup = 4C2D951A1D910AAC00DC4FEE;
			productRefGroup = 4C2D95241D910AAD00DC4FEE /* Products */;
			projectDirPath = "";
			projectRoot = "";
			targets = (
				4C2D95221D910AAC00DC4FEE /* DYZB */,
			);
		};
/* End PBXProject section */

/* Begin PBXResourcesBuildPhase section */
		4C2D95211D910AAC00DC4FEE /* Resources */ = {
			isa = PBXResourcesBuildPhase;
			buildActionMask = 2147483647;
			files = (
				4CE456141D9192BE00E1B609 /* Home.storyboard in Resources */,
				4C2B1AD21D97EE78003BCAED /* CollectionHeaderView.xib in Resources */,
				4C2B1AD71D9826A3003BCAED /* CollectionNormalCell.xib in Resources */,
				4C2D95311D910AAD00DC4FEE /* LaunchScreen.storyboard in Resources */,
				4C2D952E1D910AAD00DC4FEE /* Assets.xcassets in Resources */,
				4C2D952C1D910AAD00DC4FEE /* Main.storyboard in Resources */,
				4C4E7A141D91548D00E27ED7 /* Live.storyboard in Resources */,
				4C4C50EC1D9CEE250090D2AC /* RecommendCycleView.xib in Resources */,
				4C2B1ADB1D98362A003BCAED /* CollectionPrettyCell.xib in Resources */,
				4C4E7A1C1D91555400E27ED7 /* Profile.storyboard in Resources */,
				4C4E7A191D9154F500E27ED7 /* Follow.storyboard in Resources */,
			);
			runOnlyForDeploymentPostprocessing = 0;
		};
/* End PBXResourcesBuildPhase section */

/* Begin PBXShellScriptBuildPhase section */
		911714AA17FBB79E22ECEE7E /* [CP] Copy Pods Resources */ = {
			isa = PBXShellScriptBuildPhase;
			buildActionMask = 2147483647;
			files = (
			);
			inputPaths = (
			);
			name = "[CP] Copy Pods Resources";
			outputPaths = (
			);
			runOnlyForDeploymentPostprocessing = 0;
			shellPath = /bin/sh;
			shellScript = "\"${SRCROOT}/Pods/Target Support Files/Pods-DYZB/Pods-DYZB-resources.sh\"\n";
			showEnvVarsInLog = 0;
		};
		CDA8EA02ECCD2C8D079932D8 /* [CP] Check Pods Manifest.lock */ = {
			isa = PBXShellScriptBuildPhase;
			buildActionMask = 2147483647;
			files = (
			);
			inputPaths = (
			);
			name = "[CP] Check Pods Manifest.lock";
			outputPaths = (
			);
			runOnlyForDeploymentPostprocessing = 0;
			shellPath = /bin/sh;
			shellScript = "diff \"${PODS_ROOT}/../Podfile.lock\" \"${PODS_ROOT}/Manifest.lock\" > /dev/null\nif [ $? != 0 ] ; then\n    # print error to STDERR\n    echo \"error: The sandbox is not in sync with the Podfile.lock. Run 'pod install' or update your CocoaPods installation.\" >&2\n    exit 1\nfi\n";
			showEnvVarsInLog = 0;
		};
		D79AD94743B0F7C10C41772E /* [CP] Embed Pods Frameworks */ = {
			isa = PBXShellScriptBuildPhase;
			buildActionMask = 2147483647;
			files = (
			);
			inputPaths = (
			);
			name = "[CP] Embed Pods Frameworks";
			outputPaths = (
			);
			runOnlyForDeploymentPostprocessing = 0;
			shellPath = /bin/sh;
			shellScript = "\"${SRCROOT}/Pods/Target Support Files/Pods-DYZB/Pods-DYZB-frameworks.sh\"\n";
			showEnvVarsInLog = 0;
		};
/* End PBXShellScriptBuildPhase section */

/* Begin PBXSourcesBuildPhase section */
		4C2D951F1D910AAC00DC4FEE /* Sources */ = {
			isa = PBXSourcesBuildPhase;
			buildActionMask = 2147483647;
			files = (
				4C4C50EA1D9CEE050090D2AC /* RecommendCycleView.swift in Sources */,
				4C2D95271D910AAD00DC4FEE /* AppDelegate.swift in Sources */,
				4C2B1AD11D97EE78003BCAED /* CollectionHeaderView.swift in Sources */,
				4C6B4F611D93D63800D6B3DE /* UIColor-Extension.swift in Sources */,
				4C4A55661D97AB1B00F92BA4 /* RecommendViewController.swift in Sources */,
				4C22551C1D9AA3F900F29446 /* AnchorGroup.swift in Sources */,
				4CE456191D91931200E1B609 /* MainViewController.swift in Sources */,
				4C3DF77D1D9291390032B9EB /* PageTitleView.swift in Sources */,
				4C6B4F5F1D93CC0200D6B3DE /* PageContentView.swift in Sources */,
				4C3DF77B1D9267670032B9EB /* UIBarButtonItem-Extension.swift in Sources */,
				4C3DF77F1D929C720032B9EB /* Common.swift in Sources */,
				4C2B1ADA1D98362A003BCAED /* CollectionPrettyCell.swift in Sources */,
				4C22551A1D9A9C4500F29446 /* NSDate-Extension.swift in Sources */,
				4C8F9B931D9C00E600822242 /* CollectionBaseCell.swift in Sources */,
				4C2B1AD61D9826A3003BCAED /* CollectionNormalCell.swift in Sources */,
				4C2255151D9A3B5700F29446 /* NetworkTools.swift in Sources */,
				4CE4561B1D91938E00E1B609 /* HomeViewController.swift in Sources */,
				4C2255181D9A8EF000F29446 /* RecommendViewModel.swift in Sources */,
				4C5D20C11D9AD01E006964D9 /* AnchorModel.swift in Sources */,
			);
			runOnlyForDeploymentPostprocessing = 0;
		};
/* End PBXSourcesBuildPhase section */

/* Begin PBXVariantGroup section */
		4C2D952A1D910AAD00DC4FEE /* Main.storyboard */ = {
			isa = PBXVariantGroup;
			children = (
				4C2D952B1D910AAD00DC4FEE /* Base */,
			);
			name = Main.storyboard;
			path = ../../..;
			sourceTree = "<group>";
		};
		4C2D952F1D910AAD00DC4FEE /* LaunchScreen.storyboard */ = {
			isa = PBXVariantGroup;
			children = (
				4C2D95301D910AAD00DC4FEE /* Base */,
			);
			name = LaunchScreen.storyboard;
			sourceTree = "<group>";
		};
		4C4E7A121D91548D00E27ED7 /* Live.storyboard */ = {
			isa = PBXVariantGroup;
			children = (
				4C4E7A131D91548D00E27ED7 /* Base */,
			);
			name = Live.storyboard;
			path = ../Main;
			sourceTree = "<group>";
		};
		4C4E7A171D9154F500E27ED7 /* Follow.storyboard */ = {
			isa = PBXVariantGroup;
			children = (
				4C4E7A181D9154F500E27ED7 /* Base */,
			);
			name = Follow.storyboard;
			path = ../Main;
			sourceTree = "<group>";
		};
		4C4E7A1A1D91555400E27ED7 /* Profile.storyboard */ = {
			isa = PBXVariantGroup;
			children = (
				4C4E7A1B1D91555400E27ED7 /* Base */,
			);
			name = Profile.storyboard;
			path = ../Main;
			sourceTree = "<group>";
		};
/* End PBXVariantGroup section */

/* Begin XCBuildConfiguration section */
		4C2D95331D910AAD00DC4FEE /* Debug */ = {
			isa = XCBuildConfiguration;
			buildSettings = {
				ALWAYS_SEARCH_USER_PATHS = NO;
				CLANG_ANALYZER_NONNULL = YES;
				CLANG_CXX_LANGUAGE_STANDARD = "gnu++0x";
				CLANG_CXX_LIBRARY = "libc++";
				CLANG_ENABLE_MODULES = YES;
				CLANG_ENABLE_OBJC_ARC = YES;
				CLANG_WARN_BOOL_CONVERSION = YES;
				CLANG_WARN_CONSTANT_CONVERSION = YES;
				CLANG_WARN_DIRECT_OBJC_ISA_USAGE = YES_ERROR;
				CLANG_WARN_DOCUMENTATION_COMMENTS = YES;
				CLANG_WARN_EMPTY_BODY = YES;
				CLANG_WARN_ENUM_CONVERSION = YES;
				CLANG_WARN_INFINITE_RECURSION = YES;
				CLANG_WARN_INT_CONVERSION = YES;
				CLANG_WARN_OBJC_ROOT_CLASS = YES_ERROR;
				CLANG_WARN_SUSPICIOUS_MOVES = YES;
				CLANG_WARN_UNREACHABLE_CODE = YES;
				CLANG_WARN__DUPLICATE_METHOD_MATCH = YES;
				"CODE_SIGN_IDENTITY[sdk=iphoneos*]" = "iPhone Developer";
				COPY_PHASE_STRIP = NO;
				DEBUG_INFORMATION_FORMAT = dwarf;
				ENABLE_STRICT_OBJC_MSGSEND = YES;
				ENABLE_TESTABILITY = YES;
				GCC_C_LANGUAGE_STANDARD = gnu99;
				GCC_DYNAMIC_NO_PIC = NO;
				GCC_NO_COMMON_BLOCKS = YES;
				GCC_OPTIMIZATION_LEVEL = 0;
				GCC_PREPROCESSOR_DEFINITIONS = (
					"DEBUG=1",
					"$(inherited)",
				);
				GCC_WARN_64_TO_32_BIT_CONVERSION = YES;
				GCC_WARN_ABOUT_RETURN_TYPE = YES_ERROR;
				GCC_WARN_UNDECLARED_SELECTOR = YES;
				GCC_WARN_UNINITIALIZED_AUTOS = YES_AGGRESSIVE;
				GCC_WARN_UNUSED_FUNCTION = YES;
				GCC_WARN_UNUSED_VARIABLE = YES;
				IPHONEOS_DEPLOYMENT_TARGET = 10.0;
				MTL_ENABLE_DEBUG_INFO = YES;
				ONLY_ACTIVE_ARCH = YES;
				SDKROOT = iphoneos;
				SWIFT_ACTIVE_COMPILATION_CONDITIONS = DEBUG;
				SWIFT_OPTIMIZATION_LEVEL = "-Onone";
			};
			name = Debug;
		};
		4C2D95341D910AAD00DC4FEE /* Release */ = {
			isa = XCBuildConfiguration;
			buildSettings = {
				ALWAYS_SEARCH_USER_PATHS = NO;
				CLANG_ANALYZER_NONNULL = YES;
				CLANG_CXX_LANGUAGE_STANDARD = "gnu++0x";
				CLANG_CXX_LIBRARY = "libc++";
				CLANG_ENABLE_MODULES = YES;
				CLANG_ENABLE_OBJC_ARC = YES;
				CLANG_WARN_BOOL_CONVERSION = YES;
				CLANG_WARN_CONSTANT_CONVERSION = YES;
				CLANG_WARN_DIRECT_OBJC_ISA_USAGE = YES_ERROR;
				CLANG_WARN_DOCUMENTATION_COMMENTS = YES;
				CLANG_WARN_EMPTY_BODY = YES;
				CLANG_WARN_ENUM_CONVERSION = YES;
				CLANG_WARN_INFINITE_RECURSION = YES;
				CLANG_WARN_INT_CONVERSION = YES;
				CLANG_WARN_OBJC_ROOT_CLASS = YES_ERROR;
				CLANG_WARN_SUSPICIOUS_MOVES = YES;
				CLANG_WARN_UNREACHABLE_CODE = YES;
				CLANG_WARN__DUPLICATE_METHOD_MATCH = YES;
				"CODE_SIGN_IDENTITY[sdk=iphoneos*]" = "iPhone Developer";
				COPY_PHASE_STRIP = NO;
				DEBUG_INFORMATION_FORMAT = "dwarf-with-dsym";
				ENABLE_NS_ASSERTIONS = NO;
				ENABLE_STRICT_OBJC_MSGSEND = YES;
				GCC_C_LANGUAGE_STANDARD = gnu99;
				GCC_NO_COMMON_BLOCKS = YES;
				GCC_WARN_64_TO_32_BIT_CONVERSION = YES;
				GCC_WARN_ABOUT_RETURN_TYPE = YES_ERROR;
				GCC_WARN_UNDECLARED_SELECTOR = YES;
				GCC_WARN_UNINITIALIZED_AUTOS = YES_AGGRESSIVE;
				GCC_WARN_UNUSED_FUNCTION = YES;
				GCC_WARN_UNUSED_VARIABLE = YES;
				IPHONEOS_DEPLOYMENT_TARGET = 10.0;
				MTL_ENABLE_DEBUG_INFO = NO;
				SDKROOT = iphoneos;
				SWIFT_OPTIMIZATION_LEVEL = "-Owholemodule";
				VALIDATE_PRODUCT = YES;
			};
			name = Release;
		};
		4C2D95361D910AAD00DC4FEE /* Debug */ = {
			isa = XCBuildConfiguration;
			baseConfigurationReference = 49CB132FE37A52F1CEAF304E /* Pods-DYZB.debug.xcconfig */;
			buildSettings = {
				ASSETCATALOG_COMPILER_APPICON_NAME = AppIcon;
				ASSETCATALOG_COMPILER_LAUNCHIMAGE_NAME = LaunchImage;
				DEVELOPMENT_TEAM = 733VCMT28P;
				INFOPLIST_FILE = DYZB/Info.plist;
				IPHONEOS_DEPLOYMENT_TARGET = 9.0;
				LD_RUNPATH_SEARCH_PATHS = "$(inherited) @executable_path/Frameworks";
				PRODUCT_BUNDLE_IDENTIFIER = com.Michael.DYZB;
				PRODUCT_NAME = "$(TARGET_NAME)";
				SWIFT_VERSION = 3.0;
			};
			name = Debug;
		};
		4C2D95371D910AAD00DC4FEE /* Release */ = {
			isa = XCBuildConfiguration;
			baseConfigurationReference = 3FFC6A823AE56886BBCA2E55 /* Pods-DYZB.release.xcconfig */;
			buildSettings = {
				ASSETCATALOG_COMPILER_APPICON_NAME = AppIcon;
				ASSETCATALOG_COMPILER_LAUNCHIMAGE_NAME = LaunchImage;
				DEVELOPMENT_TEAM = 733VCMT28P;
				INFOPLIST_FILE = DYZB/Info.plist;
				IPHONEOS_DEPLOYMENT_TARGET = 9.0;
				LD_RUNPATH_SEARCH_PATHS = "$(inherited) @executable_path/Frameworks";
				PRODUCT_BUNDLE_IDENTIFIER = com.Michael.DYZB;
				PRODUCT_NAME = "$(TARGET_NAME)";
				SWIFT_VERSION = 3.0;
			};
			name = Release;
		};
/* End XCBuildConfiguration section */

/* Begin XCConfigurationList section */
		4C2D951E1D910AAC00DC4FEE /* Build configuration list for PBXProject "DYZB" */ = {
			isa = XCConfigurationList;
			buildConfigurations = (
				4C2D95331D910AAD00DC4FEE /* Debug */,
				4C2D95341D910AAD00DC4FEE /* Release */,
			);
			defaultConfigurationIsVisible = 0;
			defaultConfigurationName = Release;
		};
		4C2D95351D910AAD00DC4FEE /* Build configuration list for PBXNativeTarget "DYZB" */ = {
			isa = XCConfigurationList;
			buildConfigurations = (
				4C2D95361D910AAD00DC4FEE /* Debug */,
				4C2D95371D910AAD00DC4FEE /* Release */,
			);
			defaultConfigurationIsVisible = 0;
			defaultConfigurationName = Release;
		};
/* End XCConfigurationList section */
	};
	rootObject = 4C2D951B1D910AAC00DC4FEE /* Project object */;
}
